
Microsoft Visual Studio Solution File, Format Version 12.00
# Visual Studio Version 17
VisualStudioVersion = 17.0.31903.59
MinimumVisualStudioVersion = 10.0.40219.1
Project("{9A19103F-16F7-4668-BE54-9A1E7A4F7556}") = "Application.Core", "src\Application.Core\Application.Core.csproj", "{2AF986EB-2A1B-42E0-9B89-D6285A050413}"
EndProject
Project("{9A19103F-16F7-4668-BE54-9A1E7A4F7556}") = "Application.Utility", "src\Application.Utility\Application.Utility.csproj", "{55425983-CD61-447E-8CC3-05D1790BBD13}"
EndProject
Project("{2150E333-8FDC-42A3-9474-1A3956D46DE8}") = "docs", "docs", "{E82E7D8C-3EAE-4EEF-AA2D-1A9F3F55AF30}"
	ProjectSection(SolutionItems) = preProject
		docs\CHANGES.MD = docs\CHANGES.MD
		docs\CodeMigration.MD = docs\CodeMigration.MD
		DevLog.MD = DevLog.MD
		README.MD = README.MD
	EndProjectSection
EndProject
Project("{2150E333-8FDC-42A3-9474-1A3956D46DE8}") = "src", "src", "{215B4C1A-2E8E-4C9C-872E-C3B8F86FB346}"
EndProject
Project("{2150E333-8FDC-42A3-9474-1A3956D46DE8}") = "tools", "tools", "{7FE13C3E-9A93-4EE2-8AB4-98F1F5BD7149}"
EndProject
Project("{9A19103F-16F7-4668-BE54-9A1E7A4F7556}") = "CodeMigration", "tools\CodeMigration\CodeMigration.csproj", "{F6C02188-4758-4B58-8872-F9B5954A3EC7}"
EndProject
Project("{2150E333-8FDC-42A3-9474-1A3956D46DE8}") = "test", "test", "{DCCF81D5-1F6C-40F8-BE70-D6DD24878D59}"
EndProject
Project("{2150E333-8FDC-42A3-9474-1A3956D46DE8}") = "workflow", "workflow", "{BD851960-79BB-4DE0-901D-CA29E0DF1FCA}"
	ProjectSection(SolutionItems) = preProject
		.github\workflows\build-docker.yml = .github\workflows\build-docker.yml
		.github\workflows\build.yml = .github\workflows\build.yml
		.github\workflows\release.yml = .github\workflows\release.yml
	EndProjectSection
EndProject
Project("{9A19103F-16F7-4668-BE54-9A1E7A4F7556}") = "XmlWzReader", "src\XmlWzReader\XmlWzReader.csproj", "{45FF432D-41A4-4F93-9F98-37F50A0D2224}"
EndProject
Project("{9A19103F-16F7-4668-BE54-9A1E7A4F7556}") = "Application.Shared", "src\Application.Shared\Application.Shared.csproj", "{561EC084-A6EA-4366-BFC7-B5C987D57515}"
EndProject
Project("{2150E333-8FDC-42A3-9474-1A3956D46DE8}") = "SolutionItems", "SolutionItems", "{0BF5D534-3E6E-48C7-A7DA-F52236CB2A1B}"
	ProjectSection(SolutionItems) = preProject
		.dockerignore = .dockerignore
		.editorconfig = .editorconfig
		Directory.Build.props = Directory.Build.props
		docker-compose.yml = docker-compose.yml
	EndProjectSection
EndProject
Project("{9A19103F-16F7-4668-BE54-9A1E7A4F7556}") = "Application.Host", "src\Application.Host\Application.Host.csproj", "{79AFD6B5-5964-4CCD-AE20-8C72D688A767}"
EndProject
Project("{9A19103F-16F7-4668-BE54-9A1E7A4F7556}") = "Application.Resources", "src\Application.Resources\Application.Resources.csproj", "{D000318F-55A6-4B49-B73C-4D5568C4FDC9}"
EndProject
Project("{FAE04EC0-301F-11D3-BF4B-00C04F79EFBC}") = "ServiceTest", "test\ServiceTest\ServiceTest.csproj", "{495690B4-0416-4C12-A9FA-5742C47EEB24}"
EndProject
Project("{FAE04EC0-301F-11D3-BF4B-00C04F79EFBC}") = "Application.Scripting", "src\Application.Scripting\Application.Scripting.csproj", "{C4D3996D-69D4-47B6-BA81-5E802BC3696A}"
EndProject
Project("{FAE04EC0-301F-11D3-BF4B-00C04F79EFBC}") = "Application.Scripting.Lua", "src\Application.Scripting.Lua\Application.Scripting.Lua.csproj", "{60D61555-EAC6-4A2C-B254-EF0EAE248DE4}"
EndProject
Project("{FAE04EC0-301F-11D3-BF4B-00C04F79EFBC}") = "Application.Scripting.JS", "src\Application.Scripting.JS\Application.Scripting.JS.csproj", "{20A7FBB0-2018-4624-B977-9BAE517E1485}"
EndProject
Project("{FAE04EC0-301F-11D3-BF4B-00C04F79EFBC}") = "Application.Benchmark", "src\Application.Benchmark\Application.Benchmark.csproj", "{40095876-7318-4CE1-BF58-B2D3E8D4D347}"
EndProject
Project("{FAE04EC0-301F-11D3-BF4B-00C04F79EFBC}") = "Application.Core.Channel", "src\Application.Core.Channel\Application.Core.Channel.csproj", "{BD4D696D-0A11-477E-B9D4-3FA48A82EC54}"
EndProject
Project("{FAE04EC0-301F-11D3-BF4B-00C04F79EFBC}") = "Application.Core.Login", "src\Application.Core.Login\Application.Core.Login.csproj", "{EC27D990-91B9-4A01-965F-2B517B71220D}"
EndProject
Project("{FAE04EC0-301F-11D3-BF4B-00C04F79EFBC}") = "Application.Core.Channel.Local", "src\Application.Core.Channel.Local\Application.Core.Channel.Local.csproj", "{12C57780-E2FF-4253-B7D6-4B4B4F1719BE}"
EndProject
Global
	GlobalSection(SolutionConfigurationPlatforms) = preSolution
		Debug|Any CPU = Debug|Any CPU
		Release|Any CPU = Release|Any CPU
	EndGlobalSection
	GlobalSection(ProjectConfigurationPlatforms) = postSolution
		{2AF986EB-2A1B-42E0-9B89-D6285A050413}.Debug|Any CPU.ActiveCfg = Debug|Any CPU
		{2AF986EB-2A1B-42E0-9B89-D6285A050413}.Debug|Any CPU.Build.0 = Debug|Any CPU
		{2AF986EB-2A1B-42E0-9B89-D6285A050413}.Release|Any CPU.ActiveCfg = Release|Any CPU
		{2AF986EB-2A1B-42E0-9B89-D6285A050413}.Release|Any CPU.Build.0 = Release|Any CPU
		{55425983-CD61-447E-8CC3-05D1790BBD13}.Debug|Any CPU.ActiveCfg = Debug|Any CPU
		{55425983-CD61-447E-8CC3-05D1790BBD13}.Debug|Any CPU.Build.0 = Debug|Any CPU
		{55425983-CD61-447E-8CC3-05D1790BBD13}.Release|Any CPU.ActiveCfg = Release|Any CPU
		{55425983-CD61-447E-8CC3-05D1790BBD13}.Release|Any CPU.Build.0 = Release|Any CPU
		{F6C02188-4758-4B58-8872-F9B5954A3EC7}.Debug|Any CPU.ActiveCfg = Debug|Any CPU
		{F6C02188-4758-4B58-8872-F9B5954A3EC7}.Debug|Any CPU.Build.0 = Debug|Any CPU
		{F6C02188-4758-4B58-8872-F9B5954A3EC7}.Release|Any CPU.ActiveCfg = Release|Any CPU
		{F6C02188-4758-4B58-8872-F9B5954A3EC7}.Release|Any CPU.Build.0 = Release|Any CPU
		{45FF432D-41A4-4F93-9F98-37F50A0D2224}.Debug|Any CPU.ActiveCfg = Debug|Any CPU
		{45FF432D-41A4-4F93-9F98-37F50A0D2224}.Debug|Any CPU.Build.0 = Debug|Any CPU
		{45FF432D-41A4-4F93-9F98-37F50A0D2224}.Release|Any CPU.ActiveCfg = Release|Any CPU
		{45FF432D-41A4-4F93-9F98-37F50A0D2224}.Release|Any CPU.Build.0 = Release|Any CPU
		{561EC084-A6EA-4366-BFC7-B5C987D57515}.Debug|Any CPU.ActiveCfg = Debug|Any CPU
		{561EC084-A6EA-4366-BFC7-B5C987D57515}.Debug|Any CPU.Build.0 = Debug|Any CPU
		{561EC084-A6EA-4366-BFC7-B5C987D57515}.Release|Any CPU.ActiveCfg = Release|Any CPU
		{561EC084-A6EA-4366-BFC7-B5C987D57515}.Release|Any CPU.Build.0 = Release|Any CPU
		{79AFD6B5-5964-4CCD-AE20-8C72D688A767}.Debug|Any CPU.ActiveCfg = Debug|Any CPU
		{79AFD6B5-5964-4CCD-AE20-8C72D688A767}.Debug|Any CPU.Build.0 = Debug|Any CPU
		{79AFD6B5-5964-4CCD-AE20-8C72D688A767}.Release|Any CPU.ActiveCfg = Release|Any CPU
		{79AFD6B5-5964-4CCD-AE20-8C72D688A767}.Release|Any CPU.Build.0 = Release|Any CPU
		{D000318F-55A6-4B49-B73C-4D5568C4FDC9}.Debug|Any CPU.ActiveCfg = Debug|Any CPU
		{D000318F-55A6-4B49-B73C-4D5568C4FDC9}.Debug|Any CPU.Build.0 = Debug|Any CPU
		{D000318F-55A6-4B49-B73C-4D5568C4FDC9}.Release|Any CPU.ActiveCfg = Release|Any CPU
		{D000318F-55A6-4B49-B73C-4D5568C4FDC9}.Release|Any CPU.Build.0 = Release|Any CPU
		{495690B4-0416-4C12-A9FA-5742C47EEB24}.Debug|Any CPU.ActiveCfg = Debug|Any CPU
		{495690B4-0416-4C12-A9FA-5742C47EEB24}.Debug|Any CPU.Build.0 = Debug|Any CPU
		{495690B4-0416-4C12-A9FA-5742C47EEB24}.Release|Any CPU.ActiveCfg = Release|Any CPU
		{495690B4-0416-4C12-A9FA-5742C47EEB24}.Release|Any CPU.Build.0 = Release|Any CPU
		{C4D3996D-69D4-47B6-BA81-5E802BC3696A}.Debug|Any CPU.ActiveCfg = Debug|Any CPU
		{C4D3996D-69D4-47B6-BA81-5E802BC3696A}.Debug|Any CPU.Build.0 = Debug|Any CPU
		{C4D3996D-69D4-47B6-BA81-5E802BC3696A}.Release|Any CPU.ActiveCfg = Release|Any CPU
		{C4D3996D-69D4-47B6-BA81-5E802BC3696A}.Release|Any CPU.Build.0 = Release|Any CPU
		{60D61555-EAC6-4A2C-B254-EF0EAE248DE4}.Debug|Any CPU.ActiveCfg = Debug|Any CPU
		{60D61555-EAC6-4A2C-B254-EF0EAE248DE4}.Debug|Any CPU.Build.0 = Debug|Any CPU
		{60D61555-EAC6-4A2C-B254-EF0EAE248DE4}.Release|Any CPU.ActiveCfg = Release|Any CPU
		{60D61555-EAC6-4A2C-B254-EF0EAE248DE4}.Release|Any CPU.Build.0 = Release|Any CPU
		{20A7FBB0-2018-4624-B977-9BAE517E1485}.Debug|Any CPU.ActiveCfg = Debug|Any CPU
		{20A7FBB0-2018-4624-B977-9BAE517E1485}.Debug|Any CPU.Build.0 = Debug|Any CPU
		{20A7FBB0-2018-4624-B977-9BAE517E1485}.Release|Any CPU.ActiveCfg = Release|Any CPU
		{20A7FBB0-2018-4624-B977-9BAE517E1485}.Release|Any CPU.Build.0 = Release|Any CPU
		{40095876-7318-4CE1-BF58-B2D3E8D4D347}.Debug|Any CPU.ActiveCfg = Debug|Any CPU
		{40095876-7318-4CE1-BF58-B2D3E8D4D347}.Debug|Any CPU.Build.0 = Debug|Any CPU
		{40095876-7318-4CE1-BF58-B2D3E8D4D347}.Release|Any CPU.ActiveCfg = Release|Any CPU
		{40095876-7318-4CE1-BF58-B2D3E8D4D347}.Release|Any CPU.Build.0 = Release|Any CPU
		{BD4D696D-0A11-477E-B9D4-3FA48A82EC54}.Debug|Any CPU.ActiveCfg = Debug|Any CPU
		{BD4D696D-0A11-477E-B9D4-3FA48A82EC54}.Debug|Any CPU.Build.0 = Debug|Any CPU
		{BD4D696D-0A11-477E-B9D4-3FA48A82EC54}.Release|Any CPU.ActiveCfg = Release|Any CPU
		{BD4D696D-0A11-477E-B9D4-3FA48A82EC54}.Release|Any CPU.Build.0 = Release|Any CPU
		{EC27D990-91B9-4A01-965F-2B517B71220D}.Debug|Any CPU.ActiveCfg = Debug|Any CPU
		{EC27D990-91B9-4A01-965F-2B517B71220D}.Debug|Any CPU.Build.0 = Debug|Any CPU
		{EC27D990-91B9-4A01-965F-2B517B71220D}.Release|Any CPU.ActiveCfg = Release|Any CPU
		{EC27D990-91B9-4A01-965F-2B517B71220D}.Release|Any CPU.Build.0 = Release|Any CPU
		{12C57780-E2FF-4253-B7D6-4B4B4F1719BE}.Debug|Any CPU.ActiveCfg = Debug|Any CPU
		{12C57780-E2FF-4253-B7D6-4B4B4F1719BE}.Debug|Any CPU.Build.0 = Debug|Any CPU
		{12C57780-E2FF-4253-B7D6-4B4B4F1719BE}.Release|Any CPU.ActiveCfg = Release|Any CPU
		{12C57780-E2FF-4253-B7D6-4B4B4F1719BE}.Release|Any CPU.Build.0 = Release|Any CPU
	EndGlobalSection
	GlobalSection(SolutionProperties) = preSolution
		HideSolutionNode = FALSE
	EndGlobalSection
	GlobalSection(NestedProjects) = preSolution
		{2AF986EB-2A1B-42E0-9B89-D6285A050413} = {215B4C1A-2E8E-4C9C-872E-C3B8F86FB346}
		{55425983-CD61-447E-8CC3-05D1790BBD13} = {215B4C1A-2E8E-4C9C-872E-C3B8F86FB346}
		{F6C02188-4758-4B58-8872-F9B5954A3EC7} = {7FE13C3E-9A93-4EE2-8AB4-98F1F5BD7149}
		{45FF432D-41A4-4F93-9F98-37F50A0D2224} = {215B4C1A-2E8E-4C9C-872E-C3B8F86FB346}
		{561EC084-A6EA-4366-BFC7-B5C987D57515} = {215B4C1A-2E8E-4C9C-872E-C3B8F86FB346}
		{79AFD6B5-5964-4CCD-AE20-8C72D688A767} = {215B4C1A-2E8E-4C9C-872E-C3B8F86FB346}
		{D000318F-55A6-4B49-B73C-4D5568C4FDC9} = {215B4C1A-2E8E-4C9C-872E-C3B8F86FB346}
		{495690B4-0416-4C12-A9FA-5742C47EEB24} = {DCCF81D5-1F6C-40F8-BE70-D6DD24878D59}
		{C4D3996D-69D4-47B6-BA81-5E802BC3696A} = {215B4C1A-2E8E-4C9C-872E-C3B8F86FB346}
		{60D61555-EAC6-4A2C-B254-EF0EAE248DE4} = {215B4C1A-2E8E-4C9C-872E-C3B8F86FB346}
		{20A7FBB0-2018-4624-B977-9BAE517E1485} = {215B4C1A-2E8E-4C9C-872E-C3B8F86FB346}
		{40095876-7318-4CE1-BF58-B2D3E8D4D347} = {215B4C1A-2E8E-4C9C-872E-C3B8F86FB346}
		{BD4D696D-0A11-477E-B9D4-3FA48A82EC54} = {215B4C1A-2E8E-4C9C-872E-C3B8F86FB346}
		{EC27D990-91B9-4A01-965F-2B517B71220D} = {215B4C1A-2E8E-4C9C-872E-C3B8F86FB346}
		{12C57780-E2FF-4253-B7D6-4B4B4F1719BE} = {215B4C1A-2E8E-4C9C-872E-C3B8F86FB346}
	EndGlobalSection
	GlobalSection(ExtensibilityGlobals) = postSolution
		SolutionGuid = {24613DFE-A8D5-438B-BCD0-3F036C9952D7}
	EndGlobalSection
EndGlobal
